{
    "name": "awesome-date-annotator",
    "version": "0.2.1",
    "lockfileVersion": 1,
    "requires": true,
    "dependencies": {
        "@openapitools/openapi-generator-cli": {
            "version": "1.0.18-5.0.0-beta2",
            "resolved": "https://registry.npmjs.org/@openapitools/openapi-generator-cli/-/openapi-generator-cli-1.0.18-5.0.0-beta2.tgz",
            "integrity": "sha512-zcuOcVKuQ/wp5immG4l3/w5koLHLy+NCoFPK4RQ2iz34kHgtaRfXzNIroulHWLUNuoWgx9y2zYecEITX6ndGMA==",
            "dev": true
        }
    }
}
